
Microsoft Visual Studio Solution File, Format Version 12.00
# Visual Studio Version 17
VisualStudioVersion = 17.2.32602.215
MinimumVisualStudioVersion = 10.0.40219.1
Project("{2150E333-8FDC-42A3-9474-1A3956D46DE8}") = "src", "src", "{CBE18368-CB16-4386-8514-58520EFCC598}"
EndProject
Project("{9A19103F-16F7-4668-BE54-9A1E7A4F7556}") = "Inkslab", "src\Inkslab\Inkslab.csproj", "{BC18C815-CC07-4451-AA02-A93201946CAB}"
EndProject
Project("{2150E333-8FDC-42A3-9474-1A3956D46DE8}") = "tests", "tests", "{EBB0D482-FD03-47B8-B2DF-5E4CF85AC635}"
EndProject
Project("{9A19103F-16F7-4668-BE54-9A1E7A4F7556}") = "Inkslab.Tests", "tests\Inkslab.Tests\Inkslab.Tests.csproj", "{00597B40-257F-4D90-9052-756DC8FA091A}"
EndProject
Project("{9A19103F-16F7-4668-BE54-9A1E7A4F7556}") = "Inkslab.DI", "src\Inkslab.DI\Inkslab.DI.csproj", "{16F29AFD-C454-4F8D-8F9D-DD8C347D7CC4}"
EndProject
Project("{9A19103F-16F7-4668-BE54-9A1E7A4F7556}") = "Inkslab.Config", "src\Inkslab.Config\Inkslab.Config.csproj", "{F2EA4540-C611-46E8-B59B-EB3A0C79EF0A}"
EndProject
Project("{9A19103F-16F7-4668-BE54-9A1E7A4F7556}") = "Inkslab.Json", "src\Inkslab.Json\Inkslab.Json.csproj", "{4A262BBA-CFA5-4D7F-B5ED-4EE32500AB7E}"
EndProject
Project("{9A19103F-16F7-4668-BE54-9A1E7A4F7556}") = "Inkslab.Map", "src\Inkslab.Map\Inkslab.Map.csproj", "{18FCB230-B4E9-4E9E-A2E1-5E1C92909432}"
EndProject
Project("{FAE04EC0-301F-11D3-BF4B-00C04F79EFBC}") = "Inkslab.Config.Tests", "tests\Inkslab.Config.Tests\Inkslab.Config.Tests.csproj", "{B4A1D0CB-B95E-4B14-8A63-BE5FFEF02DC0}"
EndProject
Global
	GlobalSection(SolutionConfigurationPlatforms) = preSolution
		Debug|Any CPU = Debug|Any CPU
		Release|Any CPU = Release|Any CPU
	EndGlobalSection
	GlobalSection(ProjectConfigurationPlatforms) = postSolution
		{BC18C815-CC07-4451-AA02-A93201946CAB}.Debug|Any CPU.ActiveCfg = Debug|Any CPU
		{BC18C815-CC07-4451-AA02-A93201946CAB}.Debug|Any CPU.Build.0 = Debug|Any CPU
		{BC18C815-CC07-4451-AA02-A93201946CAB}.Release|Any CPU.ActiveCfg = Release|Any CPU
		{BC18C815-CC07-4451-AA02-A93201946CAB}.Release|Any CPU.Build.0 = Release|Any CPU
		{00597B40-257F-4D90-9052-756DC8FA091A}.Debug|Any CPU.ActiveCfg = Debug|Any CPU
		{00597B40-257F-4D90-9052-756DC8FA091A}.Debug|Any CPU.Build.0 = Debug|Any CPU
		{00597B40-257F-4D90-9052-756DC8FA091A}.Release|Any CPU.ActiveCfg = Release|Any CPU
		{00597B40-257F-4D90-9052-756DC8FA091A}.Release|Any CPU.Build.0 = Release|Any CPU
		{16F29AFD-C454-4F8D-8F9D-DD8C347D7CC4}.Debug|Any CPU.ActiveCfg = Debug|Any CPU
		{16F29AFD-C454-4F8D-8F9D-DD8C347D7CC4}.Debug|Any CPU.Build.0 = Debug|Any CPU
		{16F29AFD-C454-4F8D-8F9D-DD8C347D7CC4}.Release|Any CPU.ActiveCfg = Release|Any CPU
		{16F29AFD-C454-4F8D-8F9D-DD8C347D7CC4}.Release|Any CPU.Build.0 = Release|Any CPU
		{F2EA4540-C611-46E8-B59B-EB3A0C79EF0A}.Debug|Any CPU.ActiveCfg = Debug|Any CPU
		{F2EA4540-C611-46E8-B59B-EB3A0C79EF0A}.Debug|Any CPU.Build.0 = Debug|Any CPU
		{F2EA4540-C611-46E8-B59B-EB3A0C79EF0A}.Release|Any CPU.ActiveCfg = Release|Any CPU
		{F2EA4540-C611-46E8-B59B-EB3A0C79EF0A}.Release|Any CPU.Build.0 = Release|Any CPU
		{4A262BBA-CFA5-4D7F-B5ED-4EE32500AB7E}.Debug|Any CPU.ActiveCfg = Debug|Any CPU
		{4A262BBA-CFA5-4D7F-B5ED-4EE32500AB7E}.Debug|Any CPU.Build.0 = Debug|Any CPU
		{4A262BBA-CFA5-4D7F-B5ED-4EE32500AB7E}.Release|Any CPU.ActiveCfg = Release|Any CPU
		{4A262BBA-CFA5-4D7F-B5ED-4EE32500AB7E}.Release|Any CPU.Build.0 = Release|Any CPU
		{18FCB230-B4E9-4E9E-A2E1-5E1C92909432}.Debug|Any CPU.ActiveCfg = Debug|Any CPU
		{18FCB230-B4E9-4E9E-A2E1-5E1C92909432}.Debug|Any CPU.Build.0 = Debug|Any CPU
		{18FCB230-B4E9-4E9E-A2E1-5E1C92909432}.Release|Any CPU.ActiveCfg = Release|Any CPU
		{18FCB230-B4E9-4E9E-A2E1-5E1C92909432}.Release|Any CPU.Build.0 = Release|Any CPU
		{B4A1D0CB-B95E-4B14-8A63-BE5FFEF02DC0}.Debug|Any CPU.ActiveCfg = Debug|Any CPU
		{B4A1D0CB-B95E-4B14-8A63-BE5FFEF02DC0}.Debug|Any CPU.Build.0 = Debug|Any CPU
		{B4A1D0CB-B95E-4B14-8A63-BE5FFEF02DC0}.Release|Any CPU.ActiveCfg = Release|Any CPU
		{B4A1D0CB-B95E-4B14-8A63-BE5FFEF02DC0}.Release|Any CPU.Build.0 = Release|Any CPU
	EndGlobalSection
	GlobalSection(SolutionProperties) = preSolution
		HideSolutionNode = FALSE
	EndGlobalSection
	GlobalSection(NestedProjects) = preSolution
		{BC18C815-CC07-4451-AA02-A93201946CAB} = {CBE18368-CB16-4386-8514-58520EFCC598}
		{00597B40-257F-4D90-9052-756DC8FA091A} = {EBB0D482-FD03-47B8-B2DF-5E4CF85AC635}
		{16F29AFD-C454-4F8D-8F9D-DD8C347D7CC4} = {CBE18368-CB16-4386-8514-58520EFCC598}
		{F2EA4540-C611-46E8-B59B-EB3A0C79EF0A} = {CBE18368-CB16-4386-8514-58520EFCC598}
		{4A262BBA-CFA5-4D7F-B5ED-4EE32500AB7E} = {CBE18368-CB16-4386-8514-58520EFCC598}
		{18FCB230-B4E9-4E9E-A2E1-5E1C92909432} = {CBE18368-CB16-4386-8514-58520EFCC598}
		{B4A1D0CB-B95E-4B14-8A63-BE5FFEF02DC0} = {EBB0D482-FD03-47B8-B2DF-5E4CF85AC635}
	EndGlobalSection
	GlobalSection(ExtensibilityGlobals) = postSolution
		SolutionGuid = {7A21E72A-E95E-4E63-A5B2-AB002AD055DF}
	EndGlobalSection
EndGlobal
